<?xml version="1.0" encoding="utf-8"?>
<Project ToolsVersion="4.0" xmlns="http://schemas.microsoft.com/developer/msbuild/2003">
  <ItemGroup>
    <Filter Include="Source Files">
      <UniqueIdentifier>{4FC737F1-C7A5-4376-A066-2A32D752A2FF}</UniqueIdentifier>
      <Extensions>cpp;c;cc;cxx;def;odl;idl;hpj;bat;asm;asmx</Extensions>
    </Filter>
    <Filter Include="Header Files">
      <UniqueIdentifier>{93995380-89BD-4b04-88EB-625FBE52EBFB}</UniqueIdentifier>
      <Extensions>h;hh;hpp;hxx;hm;inl;inc;xsd</Extensions>
    </Filter>
    <Filter Include="Misc Files">
      <UniqueIdentifier>{67DA6AB6-F800-4c08-8B7A-83BB121AAD01}</UniqueIdentifier>
      <Extensions>xml;json;txt;rc;ico;cur;bmp;dlg;rc2;rct;bin;rgs;gif;jpg;jpeg;jpe;resx;tiff;tif;png;wav;mfcribbon-ms</Extensions>
    </Filter>
  </ItemGroup>
  <ItemGroup>
    <None Include="Kaligo.ino" />
    <None Include="src\arduino folders read me.txt">
      <Filter>Misc Files</Filter>
    </None>
  </ItemGroup>
  <ItemGroup>
    <ClInclude Include="__vm\.Kaligo.vsarduino.h">
      <Filter>Header Files</Filter>
    </ClInclude>
    <ClInclude Include="Task.h">
      <Filter>Header Files</Filter>
    </ClInclude>
    <ClInclude Include="Scheduler.h">
      <Filter>Header Files</Filter>
    </ClInclude>
    <ClInclude Include="DigitalInput.h">
      <Filter>Header Files</Filter>
    </ClInclude>
    <ClInclude Include="DigitalOutput.h">
      <Filter>Header Files</Filter>
    </ClInclude>
    <ClInclude Include="ReadSensor.h">
      <Filter>Header Files</Filter>
    </ClInclude>
    <ClInclude Include="Magnet.h">
      <Filter>Header Files</Filter>
    </ClInclude>
    <ClInclude Include="Boiler.h">
      <Filter>Header Files</Filter>
    </ClInclude>
    <ClInclude Include="UVLamp.h">
      <Filter>Header Files</Filter>
    </ClInclude>
    <ClInclude Include="Led.h">
      <Filter>Header Files</Filter>
    </ClInclude>
    <ClInclude Include="Pump.h">
      <Filter>Header Files</Filter>
    </ClInclude>
    <ClInclude Include="RGBLed.h">
      <Filter>Header Files</Filter>
    </ClInclude>
    <ClInclude Include="ThermocoupleIEN.h">
      <Filter>Header Files</Filter>
    </ClInclude>
    <ClInclude Include="AnalogInput.h">
      <Filter>Header Files</Filter>
    </ClInclude>
    <ClInclude Include="DeviceList.h">
      <Filter>Header Files</Filter>
    </ClInclude>
    <ClInclude Include="BoilerTask.h">
      <Filter>Header Files</Filter>
    </ClInclude>
    <ClInclude Include="MiniTimerOne.h">
      <Filter>Header Files</Filter>
    </ClInclude>
    <ClInclude Include="TimerTask.h">
      <Filter>Header Files</Filter>
    </ClInclude>
    <ClInclude Include="CommonSettings.h">
      <Filter>Header Files</Filter>
    </ClInclude>
    <ClInclude Include="MsgService.h">
      <Filter>Header Files</Filter>
    </ClInclude>
    <ClInclude Include="Fan.h">
      <Filter>Header Files</Filter>
    </ClInclude>
    <ClInclude Include="event.h">
      <Filter>Header Files</Filter>
    </ClInclude>
    <ClInclude Include="Listeners.h">
      <Filter>Header Files</Filter>
    </ClInclude>
    <ClInclude Include="NebulizationTask.h">
      <Filter>Header Files</Filter>
    </ClInclude>
    <ClInclude Include="AbstractCycleTask.h">
      <Filter>Header Files</Filter>
    </ClInclude>
    <ClInclude Include="AbstractComunicationTask.h">
      <Filter>Header Files</Filter>
    </ClInclude>
    <ClInclude Include="BluetoothTask.h">
      <Filter>Header Files</Filter>
    </ClInclude>
    <ClInclude Include="NightModeTask.h">
      <Filter>Header Files</Filter>
    </ClInclude>
    <ClInclude Include="PhotocatalysisTask.h">
      <Filter>Header Files</Filter>
    </ClInclude>
    <ClInclude Include="BoardSettings.h">
      <Filter>Header Files</Filter>
    </ClInclude>
  </ItemGroup>
  <ItemGroup>
    <ClCompile Include="Scheduler.cpp">
      <Filter>Source Files</Filter>
    </ClCompile>
    <ClCompile Include="ReadSensor.cpp">
      <Filter>Source Files</Filter>
    </ClCompile>
    <ClCompile Include="Magnet.cpp">
      <Filter>Source Files</Filter>
    </ClCompile>
    <ClCompile Include="Boiler.cpp">
      <Filter>Source Files</Filter>
    </ClCompile>
    <ClCompile Include="UVLamp.cpp">
      <Filter>Source Files</Filter>
    </ClCompile>
    <ClCompile Include="Led.cpp">
      <Filter>Source Files</Filter>
    </ClCompile>
    <ClCompile Include="Pump.cpp">
      <Filter>Source Files</Filter>
    </ClCompile>
    <ClCompile Include="RGBLed.cpp">
      <Filter>Source Files</Filter>
    </ClCompile>
    <ClCompile Include="ThermocoupleIEN.cpp">
      <Filter>Source Files</Filter>
    </ClCompile>
    <ClCompile Include="DeviceList.cpp">
      <Filter>Source Files</Filter>
    </ClCompile>
    <ClCompile Include="BoilerTask.cpp">
      <Filter>Source Files</Filter>
    </ClCompile>
    <ClCompile Include="MiniTimerOne.cpp">
      <Filter>Source Files</Filter>
    </ClCompile>
    <ClCompile Include="TimerTask.cpp">
      <Filter>Source Files</Filter>
    </ClCompile>
    <ClCompile Include="MsgService.cpp">
      <Filter>Source Files</Filter>
    </ClCompile>
    <ClCompile Include="Fan.cpp">
      <Filter>Source Files</Filter>
    </ClCompile>
    <ClCompile Include="event.cpp">
      <Filter>Source Files</Filter>
    </ClCompile>
    <ClCompile Include="NebulizationTask.cpp">
      <Filter>Source Files</Filter>
    </ClCompile>
    <ClCompile Include="BluetoothTask.cpp">
      <Filter>Source Files</Filter>
    </ClCompile>
    <ClCompile Include="NightModeTask.cpp">
      <Filter>Source Files</Filter>
    </ClCompile>
    <ClCompile Include="PhotocatalysisTask.cpp">
      <Filter>Source Files</Filter>
    </ClCompile>
    <ClCompile Include="BoardSettings.cpp">
      <Filter>Source Files</Filter>
    </ClCompile>
  </ItemGroup>
  <ItemGroup>
    <ResourceCompile Include="Kaligo.rc">
      <Filter>Misc Files</Filter>
    </ResourceCompile>
  </ItemGroup>
</Project>